// !$*UTF8*$!
{
	archiveVersion = 1;
	classes = {
	};
	objectVersion = 55;
	objects = {

/* Begin PBXBuildFile section */
		94AD211627FAF459009FA91C /* ReduxAnimalNameGeneratorApp.swift in Sources */ = {isa = PBXBuildFile; fileRef = 94AD211527FAF459009FA91C /* ReduxAnimalNameGeneratorApp.swift */; };
		94AD211827FAF459009FA91C /* ContentView.swift in Sources */ = {isa = PBXBuildFile; fileRef = 94AD211727FAF459009FA91C /* ContentView.swift */; };
		94AD211A27FAF45D009FA91C /* Assets.xcassets in Resources */ = {isa = PBXBuildFile; fileRef = 94AD211927FAF45D009FA91C /* Assets.xcassets */; };
		94AD211D27FAF45D009FA91C /* Preview Assets.xcassets in Resources */ = {isa = PBXBuildFile; fileRef = 94AD211C27FAF45D009FA91C /* Preview Assets.xcassets */; };
		94AD212527FAF47E009FA91C /* AppState.swift in Sources */ = {isa = PBXBuildFile; fileRef = 94AD212427FAF47E009FA91C /* AppState.swift */; };
		94AD212727FAF4CD009FA91C /* AppAction.swift in Sources */ = {isa = PBXBuildFile; fileRef = 94AD212627FAF4CD009FA91C /* AppAction.swift */; };
		94AD212927FAF55A009FA91C /* AppReducer.swift in Sources */ = {isa = PBXBuildFile; fileRef = 94AD212827FAF55A009FA91C /* AppReducer.swift */; };
		94AD212B27FAF607009FA91C /* AppStore.swift in Sources */ = {isa = PBXBuildFile; fileRef = 94AD212A27FAF607009FA91C /* AppStore.swift */; };
		94AD212D27FAF758009FA91C /* AnimalView.swift in Sources */ = {isa = PBXBuildFile; fileRef = 94AD212C27FAF758009FA91C /* AnimalView.swift */; };
		94AD213027FB0395009FA91C /* AnimalService.swift in Sources */ = {isa = PBXBuildFile; fileRef = 94AD212F27FB0395009FA91C /* AnimalService.swift */; };
		94AD213527FB0914009FA91C /* AnimalAction.swift in Sources */ = {isa = PBXBuildFile; fileRef = 94AD213427FB0914009FA91C /* AnimalAction.swift */; };
		94AD213827FB0958009FA91C /* AnimalReducer.swift in Sources */ = {isa = PBXBuildFile; fileRef = 94AD213727FB0958009FA91C /* AnimalReducer.swift */; };
		94AD213C27FB09C3009FA91C /* AnimalMiddleware.swift in Sources */ = {isa = PBXBuildFile; fileRef = 94AD213B27FB09C3009FA91C /* AnimalMiddleware.swift */; };
		94AD213E27FB0CEB009FA91C /* LogMiddleware.swift in Sources */ = {isa = PBXBuildFile; fileRef = 94AD213D27FB0CEB009FA91C /* LogMiddleware.swift */; };
/* End PBXBuildFile section */

/* Begin PBXFileReference section */
		94AD211227FAF459009FA91C /* ReduxAnimalNameGenerator.app */ = {isa = PBXFileReference; explicitFileType = wrapper.application; includeInIndex = 0; path = ReduxAnimalNameGenerator.app; sourceTree = BUILT_PRODUCTS_DIR; };
		94AD211527FAF459009FA91C /* ReduxAnimalNameGeneratorApp.swift */ = {isa = PBXFileReference; lastKnownFileType = sourcecode.swift; path = ReduxAnimalNameGeneratorApp.swift; sourceTree = "<group>"; };
		94AD211727FAF459009FA91C /* ContentView.swift */ = {isa = PBXFileReference; lastKnownFileType = sourcecode.swift; path = ContentView.swift; sourceTree = "<group>"; };
		94AD211927FAF45D009FA91C /* Assets.xcassets */ = {isa = PBXFileReference; lastKnownFileType = folder.assetcatalog; path = Assets.xcassets; sourceTree = "<group>"; };
		94AD211C27FAF45D009FA91C /* Preview Assets.xcassets */ = {isa = PBXFileReference; lastKnownFileType = folder.assetcatalog; path = "Preview Assets.xcassets"; sourceTree = "<group>"; };
		94AD212427FAF47E009FA91C /* AppState.swift */ = {isa = PBXFileReference; lastKnownFileType = sourcecode.swift; path = AppState.swift; sourceTree = "<group>"; };
		94AD212627FAF4CD009FA91C /* AppAction.swift */ = {isa = PBXFileReference; lastKnownFileType = sourcecode.swift; path = AppAction.swift; sourceTree = "<group>"; };
		94AD212827FAF55A009FA91C /* AppReducer.swift */ = {isa = PBXFileReference; lastKnownFileType = sourcecode.swift; path = AppReducer.swift; sourceTree = "<group>"; };
		94AD212A27FAF607009FA91C /* AppStore.swift */ = {isa = PBXFileReference; lastKnownFileType = sourcecode.swift; path = AppStore.swift; sourceTree = "<group>"; };
		94AD212C27FAF758009FA91C /* AnimalView.swift */ = {isa = PBXFileReference; lastKnownFileType = sourcecode.swift; path = AnimalView.swift; sourceTree = "<group>"; };
		94AD212F27FB0395009FA91C /* AnimalService.swift */ = {isa = PBXFileReference; lastKnownFileType = sourcecode.swift; path = AnimalService.swift; sourceTree = "<group>"; };
		94AD213427FB0914009FA91C /* AnimalAction.swift */ = {isa = PBXFileReference; lastKnownFileType = sourcecode.swift; path = AnimalAction.swift; sourceTree = "<group>"; };
		94AD213727FB0958009FA91C /* AnimalReducer.swift */ = {isa = PBXFileReference; lastKnownFileType = sourcecode.swift; path = AnimalReducer.swift; sourceTree = "<group>"; };
		94AD213B27FB09C3009FA91C /* AnimalMiddleware.swift */ = {isa = PBXFileReference; lastKnownFileType = sourcecode.swift; path = AnimalMiddleware.swift; sourceTree = "<group>"; };
		94AD213D27FB0CEB009FA91C /* LogMiddleware.swift */ = {isa = PBXFileReference; lastKnownFileType = sourcecode.swift; path = LogMiddleware.swift; sourceTree = "<group>"; };
/* End PBXFileReference section */

/* Begin PBXFrameworksBuildPhase section */
		94AD210F27FAF459009FA91C /* Frameworks */ = {
			isa = PBXFrameworksBuildPhase;
			buildActionMask = 2147483647;
			files = (
			);
			runOnlyForDeploymentPostprocessing = 0;
		};
/* End PBXFrameworksBuildPhase section */

/* Begin PBXGroup section */
		94AD210927FAF459009FA91C = {
			isa = PBXGroup;
			children = (
				94AD211427FAF459009FA91C /* ReduxAnimalNameGenerator */,
				94AD211327FAF459009FA91C /* Products */,
			);
			sourceTree = "<group>";
		};
		94AD211327FAF459009FA91C /* Products */ = {
			isa = PBXGroup;
			children = (
				94AD211227FAF459009FA91C /* ReduxAnimalNameGenerator.app */,
			);
			name = Products;
			sourceTree = "<group>";
		};
		94AD211427FAF459009FA91C /* ReduxAnimalNameGenerator */ = {
			isa = PBXGroup;
			children = (
				94AD213927FB097F009FA91C /* App */,
				94AD213127FB08EE009FA91C /* Middleware */,
				94AD213227FB08F9009FA91C /* Services */,
				94AD213327FB0906009FA91C /* Actions */,
				94AD213627FB0934009FA91C /* Reducers */,
				94AD213A27FB099B009FA91C /* View */,
				94AD211527FAF459009FA91C /* ReduxAnimalNameGeneratorApp.swift */,
				94AD212327FAF46D009FA91C /* Redux Components */,
				94AD211927FAF45D009FA91C /* Assets.xcassets */,
				94AD211B27FAF45D009FA91C /* Preview Content */,
			);
			path = ReduxAnimalNameGenerator;
			sourceTree = "<group>";
		};
		94AD211B27FAF45D009FA91C /* Preview Content */ = {
			isa = PBXGroup;
			children = (
				94AD211C27FAF45D009FA91C /* Preview Assets.xcassets */,
			);
			path = "Preview Content";
			sourceTree = "<group>";
		};
		94AD212327FAF46D009FA91C /* Redux Components */ = {
			isa = PBXGroup;
			children = (
			);
			path = "Redux Components";
			sourceTree = "<group>";
		};
		94AD213127FB08EE009FA91C /* Middleware */ = {
			isa = PBXGroup;
			children = (
				94AD213B27FB09C3009FA91C /* AnimalMiddleware.swift */,
				94AD213D27FB0CEB009FA91C /* LogMiddleware.swift */,
			);
			path = Middleware;
			sourceTree = "<group>";
		};
		94AD213227FB08F9009FA91C /* Services */ = {
			isa = PBXGroup;
			children = (
				94AD212F27FB0395009FA91C /* AnimalService.swift */,
			);
			path = Services;
			sourceTree = "<group>";
		};
		94AD213327FB0906009FA91C /* Actions */ = {
			isa = PBXGroup;
			children = (
				94AD212627FAF4CD009FA91C /* AppAction.swift */,
				94AD213427FB0914009FA91C /* AnimalAction.swift */,
			);
			path = Actions;
			sourceTree = "<group>";
		};
		94AD213627FB0934009FA91C /* Reducers */ = {
			isa = PBXGroup;
			children = (
				94AD212827FAF55A009FA91C /* AppReducer.swift */,
				94AD213727FB0958009FA91C /* AnimalReducer.swift */,
			);
			path = Reducers;
			sourceTree = "<group>";
		};
		94AD213927FB097F009FA91C /* App */ = {
			isa = PBXGroup;
			children = (
				94AD212A27FAF607009FA91C /* AppStore.swift */,
				94AD212427FAF47E009FA91C /* AppState.swift */,
			);
			path = App;
			sourceTree = "<group>";
		};
		94AD213A27FB099B009FA91C /* View */ = {
			isa = PBXGroup;
			children = (
				94AD211727FAF459009FA91C /* ContentView.swift */,
				94AD212C27FAF758009FA91C /* AnimalView.swift */,
			);
			path = View;
			sourceTree = "<group>";
		};
/* End PBXGroup section */

/* Begin PBXNativeTarget section */
		94AD211127FAF459009FA91C /* ReduxAnimalNameGenerator */ = {
			isa = PBXNativeTarget;
			buildConfigurationList = 94AD212027FAF45D009FA91C /* Build configuration list for PBXNativeTarget "ReduxAnimalNameGenerator" */;
			buildPhases = (
				94AD210E27FAF459009FA91C /* Sources */,
				94AD210F27FAF459009FA91C /* Frameworks */,
				94AD211027FAF459009FA91C /* Resources */,
			);
			buildRules = (
			);
			dependencies = (
			);
			name = ReduxAnimalNameGenerator;
			productName = ReduxAnimalNameGenerator;
			productReference = 94AD211227FAF459009FA91C /* ReduxAnimalNameGenerator.app */;
			productType = "com.apple.product-type.application";
		};
/* End PBXNativeTarget section */

/* Begin PBXProject section */
		94AD210A27FAF459009FA91C /* Project object */ = {
			isa = PBXProject;
			attributes = {
				BuildIndependentTargetsInParallel = 1;
				LastSwiftUpdateCheck = 1330;
				LastUpgradeCheck = 1330;
				TargetAttributes = {
					94AD211127FAF459009FA91C = {
						CreatedOnToolsVersion = 13.3;
					};
				};
			};
			buildConfigurationList = 94AD210D27FAF459009FA91C /* Build configuration list for PBXProject "ReduxAnimalNameGenerator" */;
			compatibilityVersion = "Xcode 13.0";
			developmentRegion = en;
			hasScannedForEncodings = 0;
			knownRegions = (
				en,
				Base,
			);
			mainGroup = 94AD210927FAF459009FA91C;
			productRefGroup = 94AD211327FAF459009FA91C /* Products */;
			projectDirPath = "";
			projectRoot = "";
			targets = (
				94AD211127FAF459009FA91C /* ReduxAnimalNameGenerator */,
			);
		};
/* End PBXProject section */

/* Begin PBXResourcesBuildPhase section */
		94AD211027FAF459009FA91C /* Resources */ = {
			isa = PBXResourcesBuildPhase;
			buildActionMask = 2147483647;
			files = (
				94AD211D27FAF45D009FA91C /* Preview Assets.xcassets in Resources */,
				94AD211A27FAF45D009FA91C /* Assets.xcassets in Resources */,
			);
			runOnlyForDeploymentPostprocessing = 0;
		};
/* End PBXResourcesBuildPhase section */

/* Begin PBXSourcesBuildPhase section */
		94AD210E27FAF459009FA91C /* Sources */ = {
			isa = PBXSourcesBuildPhase;
			buildActionMask = 2147483647;
			files = (
				94AD212527FAF47E009FA91C /* AppState.swift in Sources */,
				94AD213027FB0395009FA91C /* AnimalService.swift in Sources */,
				94AD213E27FB0CEB009FA91C /* LogMiddleware.swift in Sources */,
				94AD212727FAF4CD009FA91C /* AppAction.swift in Sources */,
				94AD211827FAF459009FA91C /* ContentView.swift in Sources */,
				94AD213527FB0914009FA91C /* AnimalAction.swift in Sources */,
				94AD212B27FAF607009FA91C /* AppStore.swift in Sources */,
				94AD213827FB0958009FA91C /* AnimalReducer.swift in Sources */,
				94AD212D27FAF758009FA91C /* AnimalView.swift in Sources */,
				94AD213C27FB09C3009FA91C /* AnimalMiddleware.swift in Sources */,
				94AD212927FAF55A009FA91C /* AppReducer.swift in Sources */,
				94AD211627FAF459009FA91C /* ReduxAnimalNameGeneratorApp.swift in Sources */,
			);
			runOnlyForDeploymentPostprocessing = 0;
		};
/* End PBXSourcesBuildPhase section */

/* Begin XCBuildConfiguration section */
		94AD211E27FAF45D009FA91C /* Debug */ = {
			isa = XCBuildConfiguration;
			buildSettings = {
				ALWAYS_SEARCH_USER_PATHS = NO;
				CLANG_ANALYZER_NONNULL = YES;
				CLANG_ANALYZER_NUMBER_OBJECT_CONVERSION = YES_AGGRESSIVE;
				CLANG_CXX_LANGUAGE_STANDARD = "gnu++17";
				CLANG_ENABLE_MODULES = YES;
				CLANG_ENABLE_OBJC_ARC = YES;
				CLANG_ENABLE_OBJC_WEAK = YES;
				CLANG_WARN_BLOCK_CAPTURE_AUTORELEASING = YES;
				CLANG_WARN_BOOL_CONVERSION = YES;
				CLANG_WARN_COMMA = YES;
				CLANG_WARN_CONSTANT_CONVERSION = YES;
				CLANG_WARN_DEPRECATED_OBJC_IMPLEMENTATIONS = YES;
				CLANG_WARN_DIRECT_OBJC_ISA_USAGE = YES_ERROR;
				CLANG_WARN_DOCUMENTATION_COMMENTS = YES;
				CLANG_WARN_EMPTY_BODY = YES;
				CLANG_WARN_ENUM_CONVERSION = YES;
				CLANG_WARN_INFINITE_RECURSION = YES;
				CLANG_WARN_INT_CONVERSION = YES;
				CLANG_WARN_NON_LITERAL_NULL_CONVERSION = YES;
				CLANG_WARN_OBJC_IMPLICIT_RETAIN_SELF = YES;
				CLANG_WARN_OBJC_LITERAL_CONVERSION = YES;
				CLANG_WARN_OBJC_ROOT_CLASS = YES_ERROR;
				CLANG_WARN_QUOTED_INCLUDE_IN_FRAMEWORK_HEADER = YES;
				CLANG_WARN_RANGE_LOOP_ANALYSIS = YES;
				CLANG_WARN_STRICT_PROTOTYPES = YES;
				CLANG_WARN_SUSPICIOUS_MOVE = YES;
				CLANG_WARN_UNGUARDED_AVAILABILITY = YES_AGGRESSIVE;
				CLANG_WARN_UNREACHABLE_CODE = YES;
				CLANG_WARN__DUPLICATE_METHOD_MATCH = YES;
				COPY_PHASE_STRIP = NO;
				DEBUG_INFORMATION_FORMAT = dwarf;
				ENABLE_STRICT_OBJC_MSGSEND = YES;
				ENABLE_TESTABILITY = YES;
				GCC_C_LANGUAGE_STANDARD = gnu11;
				GCC_DYNAMIC_NO_PIC = NO;
				GCC_NO_COMMON_BLOCKS = YES;
				GCC_OPTIMIZATION_LEVEL = 0;
				GCC_PREPROCESSOR_DEFINITIONS = (
					"DEBUG=1",
					"$(inherited)",
				);
				GCC_WARN_64_TO_32_BIT_CONVERSION = YES;
				GCC_WARN_ABOUT_RETURN_TYPE = YES_ERROR;
				GCC_WARN_UNDECLARED_SELECTOR = YES;
				GCC_WARN_UNINITIALIZED_AUTOS = YES_AGGRESSIVE;
				GCC_WARN_UNUSED_FUNCTION = YES;
				GCC_WARN_UNUSED_VARIABLE = YES;
				IPHONEOS_DEPLOYMENT_TARGET = 15.4;
				MTL_ENABLE_DEBUG_INFO = INCLUDE_SOURCE;
				MTL_FAST_MATH = YES;
				ONLY_ACTIVE_ARCH = YES;
				SDKROOT = iphoneos;
				SWIFT_ACTIVE_COMPILATION_CONDITIONS = DEBUG;
				SWIFT_OPTIMIZATION_LEVEL = "-Onone";
			};
			name = Debug;
		};
		94AD211F27FAF45D009FA91C /* Release */ = {
			isa = XCBuildConfiguration;
			buildSettings = {
				ALWAYS_SEARCH_USER_PATHS = NO;
				CLANG_ANALYZER_NONNULL = YES;
				CLANG_ANALYZER_NUMBER_OBJECT_CONVERSION = YES_AGGRESSIVE;
				CLANG_CXX_LANGUAGE_STANDARD = "gnu++17";
				CLANG_ENABLE_MODULES = YES;
				CLANG_ENABLE_OBJC_ARC = YES;
				CLANG_ENABLE_OBJC_WEAK = YES;
				CLANG_WARN_BLOCK_CAPTURE_AUTORELEASING = YES;
				CLANG_WARN_BOOL_CONVERSION = YES;
				CLANG_WARN_COMMA = YES;
				CLANG_WARN_CONSTANT_CONVERSION = YES;
				CLANG_WARN_DEPRECATED_OBJC_IMPLEMENTATIONS = YES;
				CLANG_WARN_DIRECT_OBJC_ISA_USAGE = YES_ERROR;
				CLANG_WARN_DOCUMENTATION_COMMENTS = YES;
				CLANG_WARN_EMPTY_BODY = YES;
				CLANG_WARN_ENUM_CONVERSION = YES;
				CLANG_WARN_INFINITE_RECURSION = YES;
				CLANG_WARN_INT_CONVERSION = YES;
				CLANG_WARN_NON_LITERAL_NULL_CONVERSION = YES;
				CLANG_WARN_OBJC_IMPLICIT_RETAIN_SELF = YES;
				CLANG_WARN_OBJC_LITERAL_CONVERSION = YES;
				CLANG_WARN_OBJC_ROOT_CLASS = YES_ERROR;
				CLANG_WARN_QUOTED_INCLUDE_IN_FRAMEWORK_HEADER = YES;
				CLANG_WARN_RANGE_LOOP_ANALYSIS = YES;
				CLANG_WARN_STRICT_PROTOTYPES = YES;
				CLANG_WARN_SUSPICIOUS_MOVE = YES;
				CLANG_WARN_UNGUARDED_AVAILABILITY = YES_AGGRESSIVE;
				CLANG_WARN_UNREACHABLE_CODE = YES;
				CLANG_WARN__DUPLICATE_METHOD_MATCH = YES;
				COPY_PHASE_STRIP = NO;
				DEBUG_INFORMATION_FORMAT = "dwarf-with-dsym";
				ENABLE_NS_ASSERTIONS = NO;
				ENABLE_STRICT_OBJC_MSGSEND = YES;
				GCC_C_LANGUAGE_STANDARD = gnu11;
				GCC_NO_COMMON_BLOCKS = YES;
				GCC_WARN_64_TO_32_BIT_CONVERSION = YES;
				GCC_WARN_ABOUT_RETURN_TYPE = YES_ERROR;
				GCC_WARN_UNDECLARED_SELECTOR = YES;
				GCC_WARN_UNINITIALIZED_AUTOS = YES_AGGRESSIVE;
				GCC_WARN_UNUSED_FUNCTION = YES;
				GCC_WARN_UNUSED_VARIABLE = YES;
				IPHONEOS_DEPLOYMENT_TARGET = 15.4;
				MTL_ENABLE_DEBUG_INFO = NO;
				MTL_FAST_MATH = YES;
				SDKROOT = iphoneos;
				SWIFT_COMPILATION_MODE = wholemodule;
				SWIFT_OPTIMIZATION_LEVEL = "-O";
				VALIDATE_PRODUCT = YES;
			};
			name = Release;
		};
		94AD212127FAF45D009FA91C /* Debug */ = {
			isa = XCBuildConfiguration;
			buildSettings = {
				ASSETCATALOG_COMPILER_APPICON_NAME = AppIcon;
				ASSETCATALOG_COMPILER_GLOBAL_ACCENT_COLOR_NAME = AccentColor;
				CODE_SIGN_STYLE = Automatic;
				CURRENT_PROJECT_VERSION = 1;
				DEVELOPMENT_ASSET_PATHS = "\"ReduxAnimalNameGenerator/Preview Content\"";
				DEVELOPMENT_TEAM = LL4Y637Z4Y;
				ENABLE_PREVIEWS = YES;
				GENERATE_INFOPLIST_FILE = YES;
				INFOPLIST_KEY_UIApplicationSceneManifest_Generation = YES;
				INFOPLIST_KEY_UIApplicationSupportsIndirectInputEvents = YES;
				INFOPLIST_KEY_UILaunchScreen_Generation = YES;
				INFOPLIST_KEY_UISupportedInterfaceOrientations_iPad = "UIInterfaceOrientationPortrait UIInterfaceOrientationPortraitUpsideDown UIInterfaceOrientationLandscapeLeft UIInterfaceOrientationLandscapeRight";
				INFOPLIST_KEY_UISupportedInterfaceOrientations_iPhone = "UIInterfaceOrientationPortrait UIInterfaceOrientationLandscapeLeft UIInterfaceOrientationLandscapeRight";
				LD_RUNPATH_SEARCH_PATHS = (
					"$(inherited)",
					"@executable_path/Frameworks",
				);
				MARKETING_VERSION = 1.0;
				PRODUCT_BUNDLE_IDENTIFIER = berkin.ReduxAnimalNameGenerator;
				PRODUCT_NAME = "$(TARGET_NAME)";
				SWIFT_EMIT_LOC_STRINGS = YES;
				SWIFT_VERSION = 5.0;
				TARGETED_DEVICE_FAMILY = "1,2";
			};
			name = Debug;
		};
		94AD212227FAF45D009FA91C /* Release */ = {
			isa = XCBuildConfiguration;
			buildSettings = {
				ASSETCATALOG_COMPILER_APPICON_NAME = AppIcon;
				ASSETCATALOG_COMPILER_GLOBAL_ACCENT_COLOR_NAME = AccentColor;
				CODE_SIGN_STYLE = Automatic;
				CURRENT_PROJECT_VERSION = 1;
				DEVELOPMENT_ASSET_PATHS = "\"ReduxAnimalNameGenerator/Preview Content\"";
				DEVELOPMENT_TEAM = LL4Y637Z4Y;
				ENABLE_PREVIEWS = YES;
				GENERATE_INFOPLIST_FILE = YES;
				INFOPLIST_KEY_UIApplicationSceneManifest_Generation = YES;
				INFOPLIST_KEY_UIApplicationSupportsIndirectInputEvents = YES;
				INFOPLIST_KEY_UILaunchScreen_Generation = YES;
				INFOPLIST_KEY_UISupportedInterfaceOrientations_iPad = "UIInterfaceOrientationPortrait UIInterfaceOrientationPortraitUpsideDown UIInterfaceOrientationLandscapeLeft UIInterfaceOrientationLandscapeRight";
				INFOPLIST_KEY_UISupportedInterfaceOrientations_iPhone = "UIInterfaceOrientationPortrait UIInterfaceOrientationLandscapeLeft UIInterfaceOrientationLandscapeRight";
				LD_RUNPATH_SEARCH_PATHS = (
					"$(inherited)",
					"@executable_path/Frameworks",
				);
				MARKETING_VERSION = 1.0;
				PRODUCT_BUNDLE_IDENTIFIER = berkin.ReduxAnimalNameGenerator;
				PRODUCT_NAME = "$(TARGET_NAME)";
				SWIFT_EMIT_LOC_STRINGS = YES;
				SWIFT_VERSION = 5.0;
				TARGETED_DEVICE_FAMILY = "1,2";
			};
			name = Release;
		};
/* End XCBuildConfiguration section */

/* Begin XCConfigurationList section */
		94AD210D27FAF459009FA91C /* Build configuration list for PBXProject "ReduxAnimalNameGenerator" */ = {
			isa = XCConfigurationList;
			buildConfigurations = (
				94AD211E27FAF45D009FA91C /* Debug */,
				94AD211F27FAF45D009FA91C /* Release */,
			);
			defaultConfigurationIsVisible = 0;
			defaultConfigurationName = Release;
		};
		94AD212027FAF45D009FA91C /* Build configuration list for PBXNativeTarget "ReduxAnimalNameGenerator" */ = {
			isa = XCConfigurationList;
			buildConfigurations = (
				94AD212127FAF45D009FA91C /* Debug */,
				94AD212227FAF45D009FA91C /* Release */,
			);
			defaultConfigurationIsVisible = 0;
			defaultConfigurationName = Release;
		};
/* End XCConfigurationList section */
	};
	rootObject = 94AD210A27FAF459009FA91C /* Project object */;
}
